
Microsoft Visual Studio Solution File, Format Version 12.00
# Visual Studio 14
VisualStudioVersion = 14.0.25420.1
MinimumVisualStudioVersion = 10.0.40219.1
Project("{FAE04EC0-301F-11D3-BF4B-00C04F79EFBC}") = "My Compare", "My Compare\My Compare.csproj", "{13C64103-043D-45CF-9EB3-F5B7B9F477F4}"
EndProject
Project("{FAE04EC0-301F-11D3-BF4B-00C04F79EFBC}") = "Model", "Model\Model.csproj", "{DA92DB10-CFEF-43E1-80FB-83C8D9B691D5}"
EndProject
Project("{FAE04EC0-301F-11D3-BF4B-00C04F79EFBC}") = "DAL", "DAL\DAL.csproj", "{5EDDC303-303E-4ADC-B69A-15305517375C}"
EndProject
Project("{FAE04EC0-301F-11D3-BF4B-00C04F79EFBC}") = "BLL", "BLL\BLL.csproj", "{1EF6D6C3-3E26-482E-9A5C-113CE57530B6}"
EndProject
Global
	GlobalSection(SolutionConfigurationPlatforms) = preSolution
		Debug|Any CPU = Debug|Any CPU
		Release|Any CPU = Release|Any CPU
	EndGlobalSection
	GlobalSection(ProjectConfigurationPlatforms) = postSolution
		{13C64103-043D-45CF-9EB3-F5B7B9F477F4}.Debug|Any CPU.ActiveCfg = Debug|Any CPU
		{13C64103-043D-45CF-9EB3-F5B7B9F477F4}.Debug|Any CPU.Build.0 = Debug|Any CPU
		{13C64103-043D-45CF-9EB3-F5B7B9F477F4}.Release|Any CPU.ActiveCfg = Release|Any CPU
		{13C64103-043D-45CF-9EB3-F5B7B9F477F4}.Release|Any CPU.Build.0 = Release|Any CPU
		{DA92DB10-CFEF-43E1-80FB-83C8D9B691D5}.Debug|Any CPU.ActiveCfg = Debug|Any CPU
		{DA92DB10-CFEF-43E1-80FB-83C8D9B691D5}.Debug|Any CPU.Build.0 = Debug|Any CPU
		{DA92DB10-CFEF-43E1-80FB-83C8D9B691D5}.Release|Any CPU.ActiveCfg = Release|Any CPU
		{DA92DB10-CFEF-43E1-80FB-83C8D9B691D5}.Release|Any CPU.Build.0 = Release|Any CPU
		{5EDDC303-303E-4ADC-B69A-15305517375C}.Debug|Any CPU.ActiveCfg = Debug|Any CPU
		{5EDDC303-303E-4ADC-B69A-15305517375C}.Debug|Any CPU.Build.0 = Debug|Any CPU
		{5EDDC303-303E-4ADC-B69A-15305517375C}.Release|Any CPU.ActiveCfg = Release|Any CPU
		{5EDDC303-303E-4ADC-B69A-15305517375C}.Release|Any CPU.Build.0 = Release|Any CPU
		{1EF6D6C3-3E26-482E-9A5C-113CE57530B6}.Debug|Any CPU.ActiveCfg = Debug|Any CPU
		{1EF6D6C3-3E26-482E-9A5C-113CE57530B6}.Debug|Any CPU.Build.0 = Debug|Any CPU
		{1EF6D6C3-3E26-482E-9A5C-113CE57530B6}.Release|Any CPU.ActiveCfg = Release|Any CPU
		{1EF6D6C3-3E26-482E-9A5C-113CE57530B6}.Release|Any CPU.Build.0 = Release|Any CPU
	EndGlobalSection
	GlobalSection(SolutionProperties) = preSolution
		HideSolutionNode = FALSE
	EndGlobalSection
EndGlobal
